{
  "name": "TacticBoard",
  "lockfileVersion": 3,
  "requires": true,
  "packages": {
    "": {
      "devDependencies": {
        "@ngrx/schematics": "^16.3.0"
      }
    },
    "node_modules/@ngrx/schematics": {
      "version": "16.3.0",
      "resolved": "https://registry.npmjs.org/@ngrx/schematics/-/schematics-16.3.0.tgz",
      "integrity": "sha512-PBCzxBVW5YDr3BGF6Q94Qey4SLq3U2yWfRNZEW4aKHYrQr89BvyZcB9KeCsR4wHOIdvgit1eX0GXBx2ekmqtng==",
      "dev": true,
      "license": "MIT"
    }
  }
}
